
Microsoft Visual Studio Solution File, Format Version 12.00
# Visual Studio Version 17
VisualStudioVersion = 17.1.32228.430
MinimumVisualStudioVersion = 10.0.40219.1
Project("{8BC9CEB8-8B4A-11D0-8D11-00A0C91BC942}") = "CountPrimes", "CountPrimes\CountPrimes.vcxproj", "{0042D72A-1C68-428A-A1AA-11FDC96867E2}"
EndProject
Project("{8BC9CEB8-8B4A-11D0-8D11-00A0C91BC942}") = "Math", "Math\Math.vcxproj", "{3ECC3388-EF1A-49EE-BC5A-2498B79D8743}"
EndProject
Global
	GlobalSection(SolutionConfigurationPlatforms) = preSolution
		Debug|x64 = Debug|x64
		Debug|x86 = Debug|x86
		Release|x64 = Release|x64
		Release|x86 = Release|x86
	EndGlobalSection
	GlobalSection(ProjectConfigurationPlatforms) = postSolution
		{0042D72A-1C68-428A-A1AA-11FDC96867E2}.Debug|x64.ActiveCfg = Debug|x64
		{0042D72A-1C68-428A-A1AA-11FDC96867E2}.Debug|x64.Build.0 = Debug|x64
		{0042D72A-1C68-428A-A1AA-11FDC96867E2}.Debug|x86.ActiveCfg = Debug|Win32
		{0042D72A-1C68-428A-A1AA-11FDC96867E2}.Debug|x86.Build.0 = Debug|Win32
		{0042D72A-1C68-428A-A1AA-11FDC96867E2}.Release|x64.ActiveCfg = Release|x64
		{0042D72A-1C68-428A-A1AA-11FDC96867E2}.Release|x64.Build.0 = Release|x64
		{0042D72A-1C68-428A-A1AA-11FDC96867E2}.Release|x86.ActiveCfg = Release|Win32
		{0042D72A-1C68-428A-A1AA-11FDC96867E2}.Release|x86.Build.0 = Release|Win32
		{3ECC3388-EF1A-49EE-BC5A-2498B79D8743}.Debug|x64.ActiveCfg = Debug|x64
		{3ECC3388-EF1A-49EE-BC5A-2498B79D8743}.Debug|x64.Build.0 = Debug|x64
		{3ECC3388-EF1A-49EE-BC5A-2498B79D8743}.Debug|x86.ActiveCfg = Debug|Win32
		{3ECC3388-EF1A-49EE-BC5A-2498B79D8743}.Debug|x86.Build.0 = Debug|Win32
		{3ECC3388-EF1A-49EE-BC5A-2498B79D8743}.Release|x64.ActiveCfg = Release|x64
		{3ECC3388-EF1A-49EE-BC5A-2498B79D8743}.Release|x64.Build.0 = Release|x64
		{3ECC3388-EF1A-49EE-BC5A-2498B79D8743}.Release|x86.ActiveCfg = Release|Win32
		{3ECC3388-EF1A-49EE-BC5A-2498B79D8743}.Release|x86.Build.0 = Release|Win32
	EndGlobalSection
	GlobalSection(SolutionProperties) = preSolution
		HideSolutionNode = FALSE
	EndGlobalSection
	GlobalSection(ExtensibilityGlobals) = postSolution
		SolutionGuid = {145F98C8-6CB6-4239-A842-285052E240FF}
	EndGlobalSection
EndGlobal
